// !$*UTF8*$!
{
	archiveVersion = 1;
	classes = {
	};
	objectVersion = 50;
	objects = {

/* Begin PBXBuildFile section */
		DF965F14278831B80035F735 /* AppDelegate.swift in Sources */ = {isa = PBXBuildFile; fileRef = DF965F13278831B80035F735 /* AppDelegate.swift */; };
		DF965F16278831B80035F735 /* SceneDelegate.swift in Sources */ = {isa = PBXBuildFile; fileRef = DF965F15278831B80035F735 /* SceneDelegate.swift */; };
		DF965F18278831B80035F735 /* LoginViewController.swift in Sources */ = {isa = PBXBuildFile; fileRef = DF965F17278831B80035F735 /* LoginViewController.swift */; };
		DF965F1D278831BF0035F735 /* Assets.xcassets in Resources */ = {isa = PBXBuildFile; fileRef = DF965F1C278831BF0035F735 /* Assets.xcassets */; };
		DF965F20278831BF0035F735 /* LaunchScreen.storyboard in Resources */ = {isa = PBXBuildFile; fileRef = DF965F1E278831BF0035F735 /* LaunchScreen.storyboard */; };
		DF965F2C2788C2500035F735 /* UIExtensions.swift in Sources */ = {isa = PBXBuildFile; fileRef = DF965F2B2788C2500035F735 /* UIExtensions.swift */; };
		DF965F31278A16450035F735 /* User.swift in Sources */ = {isa = PBXBuildFile; fileRef = DF965F30278A16450035F735 /* User.swift */; };
		DF965F34278A16ED0035F735 /* CheckInfo.swift in Sources */ = {isa = PBXBuildFile; fileRef = DF965F33278A16ED0035F735 /* CheckInfo.swift */; };
		DF965F37278A1D950035F735 /* OrderViewController.swift in Sources */ = {isa = PBXBuildFile; fileRef = DF965F36278A1D950035F735 /* OrderViewController.swift */; };
		DF965F3B279523EE0035F735 /* CheckViewController.swift in Sources */ = {isa = PBXBuildFile; fileRef = DF965F3A279523ED0035F735 /* CheckViewController.swift */; };
/* End PBXBuildFile section */

/* Begin PBXFileReference section */
		DF965F10278831B80035F735 /* TSDProject4.app */ = {isa = PBXFileReference; explicitFileType = wrapper.application; includeInIndex = 0; path = TSDProject4.app; sourceTree = BUILT_PRODUCTS_DIR; };
		DF965F13278831B80035F735 /* AppDelegate.swift */ = {isa = PBXFileReference; lastKnownFileType = sourcecode.swift; path = AppDelegate.swift; sourceTree = "<group>"; };
		DF965F15278831B80035F735 /* SceneDelegate.swift */ = {isa = PBXFileReference; lastKnownFileType = sourcecode.swift; path = SceneDelegate.swift; sourceTree = "<group>"; };
		DF965F17278831B80035F735 /* LoginViewController.swift */ = {isa = PBXFileReference; lastKnownFileType = sourcecode.swift; path = LoginViewController.swift; sourceTree = "<group>"; };
		DF965F1C278831BF0035F735 /* Assets.xcassets */ = {isa = PBXFileReference; lastKnownFileType = folder.assetcatalog; path = Assets.xcassets; sourceTree = "<group>"; };
		DF965F1F278831BF0035F735 /* Base */ = {isa = PBXFileReference; lastKnownFileType = file.storyboard; name = Base; path = Base.lproj/LaunchScreen.storyboard; sourceTree = "<group>"; };
		DF965F21278831BF0035F735 /* Info.plist */ = {isa = PBXFileReference; lastKnownFileType = text.plist.xml; path = Info.plist; sourceTree = "<group>"; };
		DF965F2B2788C2500035F735 /* UIExtensions.swift */ = {isa = PBXFileReference; lastKnownFileType = sourcecode.swift; path = UIExtensions.swift; sourceTree = "<group>"; };
		DF965F30278A16450035F735 /* User.swift */ = {isa = PBXFileReference; lastKnownFileType = sourcecode.swift; path = User.swift; sourceTree = "<group>"; };
		DF965F33278A16ED0035F735 /* CheckInfo.swift */ = {isa = PBXFileReference; lastKnownFileType = sourcecode.swift; path = CheckInfo.swift; sourceTree = "<group>"; };
		DF965F36278A1D950035F735 /* OrderViewController.swift */ = {isa = PBXFileReference; lastKnownFileType = sourcecode.swift; path = OrderViewController.swift; sourceTree = "<group>"; };
		DF965F3A279523ED0035F735 /* CheckViewController.swift */ = {isa = PBXFileReference; lastKnownFileType = sourcecode.swift; path = CheckViewController.swift; sourceTree = "<group>"; };
/* End PBXFileReference section */

/* Begin PBXFrameworksBuildPhase section */
		DF965F0D278831B80035F735 /* Frameworks */ = {
			isa = PBXFrameworksBuildPhase;
			buildActionMask = 2147483647;
			files = (
			);
			runOnlyForDeploymentPostprocessing = 0;
		};
/* End PBXFrameworksBuildPhase section */

/* Begin PBXGroup section */
		DF965F07278831B80035F735 = {
			isa = PBXGroup;
			children = (
				DF965F12278831B80035F735 /* TSDProject4 */,
				DF965F11278831B80035F735 /* Products */,
			);
			sourceTree = "<group>";
		};
		DF965F11278831B80035F735 /* Products */ = {
			isa = PBXGroup;
			children = (
				DF965F10278831B80035F735 /* TSDProject4.app */,
			);
			name = Products;
			sourceTree = "<group>";
		};
		DF965F12278831B80035F735 /* TSDProject4 */ = {
			isa = PBXGroup;
			children = (
				DF965F13278831B80035F735 /* AppDelegate.swift */,
				DF965F15278831B80035F735 /* SceneDelegate.swift */,
				DF965F41279528E20035F735 /* ViewController */,
				DF965F40279528D30035F735 /* Model */,
				DF965F33278A16ED0035F735 /* CheckInfo.swift */,
				DF965F2B2788C2500035F735 /* UIExtensions.swift */,
				DF965F1C278831BF0035F735 /* Assets.xcassets */,
				DF965F1E278831BF0035F735 /* LaunchScreen.storyboard */,
				DF965F21278831BF0035F735 /* Info.plist */,
			);
			path = TSDProject4;
			sourceTree = "<group>";
		};
		DF965F40279528D30035F735 /* Model */ = {
			isa = PBXGroup;
			children = (
				DF965F30278A16450035F735 /* User.swift */,
			);
			path = Model;
			sourceTree = "<group>";
		};
		DF965F41279528E20035F735 /* ViewController */ = {
			isa = PBXGroup;
			children = (
				DF965F17278831B80035F735 /* LoginViewController.swift */,
				DF965F36278A1D950035F735 /* OrderViewController.swift */,
				DF965F3A279523ED0035F735 /* CheckViewController.swift */,
			);
			path = ViewController;
			sourceTree = "<group>";
		};
/* End PBXGroup section */

/* Begin PBXNativeTarget section */
		DF965F0F278831B80035F735 /* TSDProject4 */ = {
			isa = PBXNativeTarget;
			buildConfigurationList = DF965F24278831BF0035F735 /* Build configuration list for PBXNativeTarget "TSDProject4" */;
			buildPhases = (
				DF965F0C278831B80035F735 /* Sources */,
				DF965F0D278831B80035F735 /* Frameworks */,
				DF965F0E278831B80035F735 /* Resources */,
			);
			buildRules = (
			);
			dependencies = (
			);
			name = TSDProject4;
			productName = TSDProject4;
			productReference = DF965F10278831B80035F735 /* TSDProject4.app */;
			productType = "com.apple.product-type.application";
		};
/* End PBXNativeTarget section */

/* Begin PBXProject section */
		DF965F08278831B80035F735 /* Project object */ = {
			isa = PBXProject;
			attributes = {
				LastSwiftUpdateCheck = 1240;
				LastUpgradeCheck = 1240;
				TargetAttributes = {
					DF965F0F278831B80035F735 = {
						CreatedOnToolsVersion = 12.4;
					};
				};
			};
			buildConfigurationList = DF965F0B278831B80035F735 /* Build configuration list for PBXProject "TSDProject4" */;
			compatibilityVersion = "Xcode 9.3";
			developmentRegion = en;
			hasScannedForEncodings = 0;
			knownRegions = (
				en,
				Base,
			);
			mainGroup = DF965F07278831B80035F735;
			productRefGroup = DF965F11278831B80035F735 /* Products */;
			projectDirPath = "";
			projectRoot = "";
			targets = (
				DF965F0F278831B80035F735 /* TSDProject4 */,
			);
		};
/* End PBXProject section */

/* Begin PBXResourcesBuildPhase section */
		DF965F0E278831B80035F735 /* Resources */ = {
			isa = PBXResourcesBuildPhase;
			buildActionMask = 2147483647;
			files = (
				DF965F20278831BF0035F735 /* LaunchScreen.storyboard in Resources */,
				DF965F1D278831BF0035F735 /* Assets.xcassets in Resources */,
			);
			runOnlyForDeploymentPostprocessing = 0;
		};
/* End PBXResourcesBuildPhase section */

/* Begin PBXSourcesBuildPhase section */
		DF965F0C278831B80035F735 /* Sources */ = {
			isa = PBXSourcesBuildPhase;
			buildActionMask = 2147483647;
			files = (
				DF965F31278A16450035F735 /* User.swift in Sources */,
				DF965F18278831B80035F735 /* LoginViewController.swift in Sources */,
				DF965F34278A16ED0035F735 /* CheckInfo.swift in Sources */,
				DF965F3B279523EE0035F735 /* CheckViewController.swift in Sources */,
				DF965F14278831B80035F735 /* AppDelegate.swift in Sources */,
				DF965F37278A1D950035F735 /* OrderViewController.swift in Sources */,
				DF965F16278831B80035F735 /* SceneDelegate.swift in Sources */,
				DF965F2C2788C2500035F735 /* UIExtensions.swift in Sources */,
			);
			runOnlyForDeploymentPostprocessing = 0;
		};
/* End PBXSourcesBuildPhase section */

/* Begin PBXVariantGroup section */
		DF965F1E278831BF0035F735 /* LaunchScreen.storyboard */ = {
			isa = PBXVariantGroup;
			children = (
				DF965F1F278831BF0035F735 /* Base */,
			);
			name = LaunchScreen.storyboard;
			sourceTree = "<group>";
		};
/* End PBXVariantGroup section */

/* Begin XCBuildConfiguration section */
		DF965F22278831BF0035F735 /* Debug */ = {
			isa = XCBuildConfiguration;
			buildSettings = {
				ALWAYS_SEARCH_USER_PATHS = NO;
				CLANG_ANALYZER_NONNULL = YES;
				CLANG_ANALYZER_NUMBER_OBJECT_CONVERSION = YES_AGGRESSIVE;
				CLANG_CXX_LANGUAGE_STANDARD = "gnu++14";
				CLANG_CXX_LIBRARY = "libc++";
				CLANG_ENABLE_MODULES = YES;
				CLANG_ENABLE_OBJC_ARC = YES;
				CLANG_ENABLE_OBJC_WEAK = YES;
				CLANG_WARN_BLOCK_CAPTURE_AUTORELEASING = YES;
				CLANG_WARN_BOOL_CONVERSION = YES;
				CLANG_WARN_COMMA = YES;
				CLANG_WARN_CONSTANT_CONVERSION = YES;
				CLANG_WARN_DEPRECATED_OBJC_IMPLEMENTATIONS = YES;
				CLANG_WARN_DIRECT_OBJC_ISA_USAGE = YES_ERROR;
				CLANG_WARN_DOCUMENTATION_COMMENTS = YES;
				CLANG_WARN_EMPTY_BODY = YES;
				CLANG_WARN_ENUM_CONVERSION = YES;
				CLANG_WARN_INFINITE_RECURSION = YES;
				CLANG_WARN_INT_CONVERSION = YES;
				CLANG_WARN_NON_LITERAL_NULL_CONVERSION = YES;
				CLANG_WARN_OBJC_IMPLICIT_RETAIN_SELF = YES;
				CLANG_WARN_OBJC_LITERAL_CONVERSION = YES;
				CLANG_WARN_OBJC_ROOT_CLASS = YES_ERROR;
				CLANG_WARN_QUOTED_INCLUDE_IN_FRAMEWORK_HEADER = YES;
				CLANG_WARN_RANGE_LOOP_ANALYSIS = YES;
				CLANG_WARN_STRICT_PROTOTYPES = YES;
				CLANG_WARN_SUSPICIOUS_MOVE = YES;
				CLANG_WARN_UNGUARDED_AVAILABILITY = YES_AGGRESSIVE;
				CLANG_WARN_UNREACHABLE_CODE = YES;
				CLANG_WARN__DUPLICATE_METHOD_MATCH = YES;
				COPY_PHASE_STRIP = NO;
				DEBUG_INFORMATION_FORMAT = dwarf;
				ENABLE_STRICT_OBJC_MSGSEND = YES;
				ENABLE_TESTABILITY = YES;
				GCC_C_LANGUAGE_STANDARD = gnu11;
				GCC_DYNAMIC_NO_PIC = NO;
				GCC_NO_COMMON_BLOCKS = YES;
				GCC_OPTIMIZATION_LEVEL = 0;
				GCC_PREPROCESSOR_DEFINITIONS = (
					"DEBUG=1",
					"$(inherited)",
				);
				GCC_WARN_64_TO_32_BIT_CONVERSION = YES;
				GCC_WARN_ABOUT_RETURN_TYPE = YES_ERROR;
				GCC_WARN_UNDECLARED_SELECTOR = YES;
				GCC_WARN_UNINITIALIZED_AUTOS = YES_AGGRESSIVE;
				GCC_WARN_UNUSED_FUNCTION = YES;
				GCC_WARN_UNUSED_VARIABLE = YES;
				IPHONEOS_DEPLOYMENT_TARGET = 14.4;
				MTL_ENABLE_DEBUG_INFO = INCLUDE_SOURCE;
				MTL_FAST_MATH = YES;
				ONLY_ACTIVE_ARCH = YES;
				SDKROOT = iphoneos;
				SWIFT_ACTIVE_COMPILATION_CONDITIONS = DEBUG;
				SWIFT_OPTIMIZATION_LEVEL = "-Onone";
			};
			name = Debug;
		};
		DF965F23278831BF0035F735 /* Release */ = {
			isa = XCBuildConfiguration;
			buildSettings = {
				ALWAYS_SEARCH_USER_PATHS = NO;
				CLANG_ANALYZER_NONNULL = YES;
				CLANG_ANALYZER_NUMBER_OBJECT_CONVERSION = YES_AGGRESSIVE;
				CLANG_CXX_LANGUAGE_STANDARD = "gnu++14";
				CLANG_CXX_LIBRARY = "libc++";
				CLANG_ENABLE_MODULES = YES;
				CLANG_ENABLE_OBJC_ARC = YES;
				CLANG_ENABLE_OBJC_WEAK = YES;
				CLANG_WARN_BLOCK_CAPTURE_AUTORELEASING = YES;
				CLANG_WARN_BOOL_CONVERSION = YES;
				CLANG_WARN_COMMA = YES;
				CLANG_WARN_CONSTANT_CONVERSION = YES;
				CLANG_WARN_DEPRECATED_OBJC_IMPLEMENTATIONS = YES;
				CLANG_WARN_DIRECT_OBJC_ISA_USAGE = YES_ERROR;
				CLANG_WARN_DOCUMENTATION_COMMENTS = YES;
				CLANG_WARN_EMPTY_BODY = YES;
				CLANG_WARN_ENUM_CONVERSION = YES;
				CLANG_WARN_INFINITE_RECURSION = YES;
				CLANG_WARN_INT_CONVERSION = YES;
				CLANG_WARN_NON_LITERAL_NULL_CONVERSION = YES;
				CLANG_WARN_OBJC_IMPLICIT_RETAIN_SELF = YES;
				CLANG_WARN_OBJC_LITERAL_CONVERSION = YES;
				CLANG_WARN_OBJC_ROOT_CLASS = YES_ERROR;
				CLANG_WARN_QUOTED_INCLUDE_IN_FRAMEWORK_HEADER = YES;
				CLANG_WARN_RANGE_LOOP_ANALYSIS = YES;
				CLANG_WARN_STRICT_PROTOTYPES = YES;
				CLANG_WARN_SUSPICIOUS_MOVE = YES;
				CLANG_WARN_UNGUARDED_AVAILABILITY = YES_AGGRESSIVE;
				CLANG_WARN_UNREACHABLE_CODE = YES;
				CLANG_WARN__DUPLICATE_METHOD_MATCH = YES;
				COPY_PHASE_STRIP = NO;
				DEBUG_INFORMATION_FORMAT = "dwarf-with-dsym";
				ENABLE_NS_ASSERTIONS = NO;
				ENABLE_STRICT_OBJC_MSGSEND = YES;
				GCC_C_LANGUAGE_STANDARD = gnu11;
				GCC_NO_COMMON_BLOCKS = YES;
				GCC_WARN_64_TO_32_BIT_CONVERSION = YES;
				GCC_WARN_ABOUT_RETURN_TYPE = YES_ERROR;
				GCC_WARN_UNDECLARED_SELECTOR = YES;
				GCC_WARN_UNINITIALIZED_AUTOS = YES_AGGRESSIVE;
				GCC_WARN_UNUSED_FUNCTION = YES;
				GCC_WARN_UNUSED_VARIABLE = YES;
				IPHONEOS_DEPLOYMENT_TARGET = 14.4;
				MTL_ENABLE_DEBUG_INFO = NO;
				MTL_FAST_MATH = YES;
				SDKROOT = iphoneos;
				SWIFT_COMPILATION_MODE = wholemodule;
				SWIFT_OPTIMIZATION_LEVEL = "-O";
				VALIDATE_PRODUCT = YES;
			};
			name = Release;
		};
		DF965F25278831BF0035F735 /* Debug */ = {
			isa = XCBuildConfiguration;
			buildSettings = {
				ASSETCATALOG_COMPILER_APPICON_NAME = AppIcon;
				ASSETCATALOG_COMPILER_GLOBAL_ACCENT_COLOR_NAME = AccentColor;
				CODE_SIGN_STYLE = Automatic;
				DEVELOPMENT_TEAM = 5ULAX9V4M6;
				INFOPLIST_FILE = TSDProject4/Info.plist;
				LD_RUNPATH_SEARCH_PATHS = (
					"$(inherited)",
					"@executable_path/Frameworks",
				);
				PRODUCT_BUNDLE_IDENTIFIER = com.example.TSDProject4;
				PRODUCT_NAME = "$(TARGET_NAME)";
				SWIFT_VERSION = 5.0;
				TARGETED_DEVICE_FAMILY = "1,2";
			};
			name = Debug;
		};
		DF965F26278831BF0035F735 /* Release */ = {
			isa = XCBuildConfiguration;
			buildSettings = {
				ASSETCATALOG_COMPILER_APPICON_NAME = AppIcon;
				ASSETCATALOG_COMPILER_GLOBAL_ACCENT_COLOR_NAME = AccentColor;
				CODE_SIGN_STYLE = Automatic;
				DEVELOPMENT_TEAM = 5ULAX9V4M6;
				INFOPLIST_FILE = TSDProject4/Info.plist;
				LD_RUNPATH_SEARCH_PATHS = (
					"$(inherited)",
					"@executable_path/Frameworks",
				);
				PRODUCT_BUNDLE_IDENTIFIER = com.example.TSDProject4;
				PRODUCT_NAME = "$(TARGET_NAME)";
				SWIFT_VERSION = 5.0;
				TARGETED_DEVICE_FAMILY = "1,2";
			};
			name = Release;
		};
/* End XCBuildConfiguration section */

/* Begin XCConfigurationList section */
		DF965F0B278831B80035F735 /* Build configuration list for PBXProject "TSDProject4" */ = {
			isa = XCConfigurationList;
			buildConfigurations = (
				DF965F22278831BF0035F735 /* Debug */,
				DF965F23278831BF0035F735 /* Release */,
			);
			defaultConfigurationIsVisible = 0;
			defaultConfigurationName = Release;
		};
		DF965F24278831BF0035F735 /* Build configuration list for PBXNativeTarget "TSDProject4" */ = {
			isa = XCConfigurationList;
			buildConfigurations = (
				DF965F25278831BF0035F735 /* Debug */,
				DF965F26278831BF0035F735 /* Release */,
			);
			defaultConfigurationIsVisible = 0;
			defaultConfigurationName = Release;
		};
/* End XCConfigurationList section */
	};
	rootObject = DF965F08278831B80035F735 /* Project object */;
}
